
Microsoft Visual Studio Solution File, Format Version 12.00
# Visual Studio Version 17
VisualStudioVersion = 17.2.32516.85
MinimumVisualStudioVersion = 10.0.40219.1
Project("{9A19103F-16F7-4668-BE54-9A1E7A4F7556}") = "boot_camp2", "boot-camp2\boot_camp2.csproj", "{C59B77F0-C7BA-4D58-A50B-4D8EBEA9779E}"
EndProject
Project("{9A19103F-16F7-4668-BE54-9A1E7A4F7556}") = "Services", "Services\Services.csproj", "{1B02A8EE-EE89-42D4-8F2B-C60DC8733525}"
EndProject
Project("{9A19103F-16F7-4668-BE54-9A1E7A4F7556}") = "Dal", "Dal\Dal.csproj", "{20BA81D2-804B-4617-BF8C-FAF498624ABD}"
EndProject
Project("{9A19103F-16F7-4668-BE54-9A1E7A4F7556}") = "Tests", "Tests\Tests.csproj", "{6F933B49-CBC8-4C66-8D49-96DF7D9E4527}"
EndProject
Global
	GlobalSection(SolutionConfigurationPlatforms) = preSolution
		Debug|Any CPU = Debug|Any CPU
		Release|Any CPU = Release|Any CPU
	EndGlobalSection
	GlobalSection(ProjectConfigurationPlatforms) = postSolution
		{C59B77F0-C7BA-4D58-A50B-4D8EBEA9779E}.Debug|Any CPU.ActiveCfg = Debug|Any CPU
		{C59B77F0-C7BA-4D58-A50B-4D8EBEA9779E}.Debug|Any CPU.Build.0 = Debug|Any CPU
		{C59B77F0-C7BA-4D58-A50B-4D8EBEA9779E}.Release|Any CPU.ActiveCfg = Release|Any CPU
		{C59B77F0-C7BA-4D58-A50B-4D8EBEA9779E}.Release|Any CPU.Build.0 = Release|Any CPU
		{1B02A8EE-EE89-42D4-8F2B-C60DC8733525}.Debug|Any CPU.ActiveCfg = Debug|Any CPU
		{1B02A8EE-EE89-42D4-8F2B-C60DC8733525}.Debug|Any CPU.Build.0 = Debug|Any CPU
		{1B02A8EE-EE89-42D4-8F2B-C60DC8733525}.Release|Any CPU.ActiveCfg = Release|Any CPU
		{1B02A8EE-EE89-42D4-8F2B-C60DC8733525}.Release|Any CPU.Build.0 = Release|Any CPU
		{20BA81D2-804B-4617-BF8C-FAF498624ABD}.Debug|Any CPU.ActiveCfg = Debug|Any CPU
		{20BA81D2-804B-4617-BF8C-FAF498624ABD}.Debug|Any CPU.Build.0 = Debug|Any CPU
		{20BA81D2-804B-4617-BF8C-FAF498624ABD}.Release|Any CPU.ActiveCfg = Release|Any CPU
		{20BA81D2-804B-4617-BF8C-FAF498624ABD}.Release|Any CPU.Build.0 = Release|Any CPU
		{6F933B49-CBC8-4C66-8D49-96DF7D9E4527}.Debug|Any CPU.ActiveCfg = Debug|Any CPU
		{6F933B49-CBC8-4C66-8D49-96DF7D9E4527}.Debug|Any CPU.Build.0 = Debug|Any CPU
		{6F933B49-CBC8-4C66-8D49-96DF7D9E4527}.Release|Any CPU.ActiveCfg = Release|Any CPU
		{6F933B49-CBC8-4C66-8D49-96DF7D9E4527}.Release|Any CPU.Build.0 = Release|Any CPU
	EndGlobalSection
	GlobalSection(SolutionProperties) = preSolution
		HideSolutionNode = FALSE
	EndGlobalSection
	GlobalSection(ExtensibilityGlobals) = postSolution
		SolutionGuid = {0E9746BE-F350-4C1A-8DC5-437BC82102DD}
	EndGlobalSection
EndGlobal
